
Microsoft Visual Studio Solution File, Format Version 12.00
# Visual Studio 14
VisualStudioVersion = 14.0.25123.0
MinimumVisualStudioVersion = 10.0.40219.1
Project("{FAE04EC0-301F-11D3-BF4B-00C04F79EFBC}") = "OrmPresentation", "OrmPresentation\OrmPresentation.csproj", "{4918C651-2F33-43A4-BF54-655AD11D0788}"
EndProject
Project("{FAE04EC0-301F-11D3-BF4B-00C04F79EFBC}") = "Data.EF6", "Data.EF6\Data.EF6.csproj", "{16894074-66A6-49EF-85E4-EF26DAF3D29D}"
EndProject
Project("{FAE04EC0-301F-11D3-BF4B-00C04F79EFBC}") = "Data", "Data\Data.csproj", "{03320BA0-BC2F-4546-A2D7-44A671AAE970}"
EndProject
Project("{FAE04EC0-301F-11D3-BF4B-00C04F79EFBC}") = "Data.NHibernate", "Data.NHibernate\Data.NHibernate.csproj", "{31702E44-7453-4C7E-8EDE-45C8D798377B}"
EndProject
Global
	GlobalSection(SolutionConfigurationPlatforms) = preSolution
		Debug|Any CPU = Debug|Any CPU
		Release|Any CPU = Release|Any CPU
	EndGlobalSection
	GlobalSection(ProjectConfigurationPlatforms) = postSolution
		{4918C651-2F33-43A4-BF54-655AD11D0788}.Debug|Any CPU.ActiveCfg = Debug|Any CPU
		{4918C651-2F33-43A4-BF54-655AD11D0788}.Debug|Any CPU.Build.0 = Debug|Any CPU
		{4918C651-2F33-43A4-BF54-655AD11D0788}.Release|Any CPU.ActiveCfg = Release|Any CPU
		{4918C651-2F33-43A4-BF54-655AD11D0788}.Release|Any CPU.Build.0 = Release|Any CPU
		{16894074-66A6-49EF-85E4-EF26DAF3D29D}.Debug|Any CPU.ActiveCfg = Debug|Any CPU
		{16894074-66A6-49EF-85E4-EF26DAF3D29D}.Debug|Any CPU.Build.0 = Debug|Any CPU
		{16894074-66A6-49EF-85E4-EF26DAF3D29D}.Release|Any CPU.ActiveCfg = Release|Any CPU
		{16894074-66A6-49EF-85E4-EF26DAF3D29D}.Release|Any CPU.Build.0 = Release|Any CPU
		{03320BA0-BC2F-4546-A2D7-44A671AAE970}.Debug|Any CPU.ActiveCfg = Debug|Any CPU
		{03320BA0-BC2F-4546-A2D7-44A671AAE970}.Debug|Any CPU.Build.0 = Debug|Any CPU
		{03320BA0-BC2F-4546-A2D7-44A671AAE970}.Release|Any CPU.ActiveCfg = Release|Any CPU
		{03320BA0-BC2F-4546-A2D7-44A671AAE970}.Release|Any CPU.Build.0 = Release|Any CPU
		{31702E44-7453-4C7E-8EDE-45C8D798377B}.Debug|Any CPU.ActiveCfg = Debug|Any CPU
		{31702E44-7453-4C7E-8EDE-45C8D798377B}.Debug|Any CPU.Build.0 = Debug|Any CPU
		{31702E44-7453-4C7E-8EDE-45C8D798377B}.Release|Any CPU.ActiveCfg = Release|Any CPU
		{31702E44-7453-4C7E-8EDE-45C8D798377B}.Release|Any CPU.Build.0 = Release|Any CPU
	EndGlobalSection
	GlobalSection(SolutionProperties) = preSolution
		HideSolutionNode = FALSE
	EndGlobalSection
EndGlobal
